// !$*UTF8*$!
{
	archiveVersion = 1;
	classes = {
	};
	objectVersion = 56;
	objects = {

/* Begin PBXBuildFile section */
		4672444A2A67EADF0049418A /* ExploreSelfApp.swift in Sources */ = {isa = PBXBuildFile; fileRef = 467244492A67EADF0049418A /* ExploreSelfApp.swift */; };
		4672444C2A67EADF0049418A /* ContentView.swift in Sources */ = {isa = PBXBuildFile; fileRef = 4672444B2A67EADF0049418A /* ContentView.swift */; };
		4672444E2A67EAE10049418A /* Assets.xcassets in Resources */ = {isa = PBXBuildFile; fileRef = 4672444D2A67EAE10049418A /* Assets.xcassets */; };
		467244512A67EAE10049418A /* Preview Assets.xcassets in Resources */ = {isa = PBXBuildFile; fileRef = 467244502A67EAE10049418A /* Preview Assets.xcassets */; };
		467244532A67EAE10049418A /* Persistence.swift in Sources */ = {isa = PBXBuildFile; fileRef = 467244522A67EAE10049418A /* Persistence.swift */; };
		467244562A67EAE10049418A /* ExploreSelf.xcdatamodeld in Sources */ = {isa = PBXBuildFile; fileRef = 467244542A67EAE10049418A /* ExploreSelf.xcdatamodeld */; };
		467244602A67EAE10049418A /* ExploreSelfTests.swift in Sources */ = {isa = PBXBuildFile; fileRef = 4672445F2A67EAE10049418A /* ExploreSelfTests.swift */; };
		4672446A2A67EAE10049418A /* ExploreSelfUITests.swift in Sources */ = {isa = PBXBuildFile; fileRef = 467244692A67EAE10049418A /* ExploreSelfUITests.swift */; };
		4672446C2A67EAE10049418A /* ExploreSelfUITestsLaunchTests.swift in Sources */ = {isa = PBXBuildFile; fileRef = 4672446B2A67EAE10049418A /* ExploreSelfUITestsLaunchTests.swift */; };
/* End PBXBuildFile section */

/* Begin PBXContainerItemProxy section */
		4672445C2A67EAE10049418A /* PBXContainerItemProxy */ = {
			isa = PBXContainerItemProxy;
			containerPortal = 4672443E2A67EADF0049418A /* Project object */;
			proxyType = 1;
			remoteGlobalIDString = 467244452A67EADF0049418A;
			remoteInfo = ExploreSelf;
		};
		467244662A67EAE10049418A /* PBXContainerItemProxy */ = {
			isa = PBXContainerItemProxy;
			containerPortal = 4672443E2A67EADF0049418A /* Project object */;
			proxyType = 1;
			remoteGlobalIDString = 467244452A67EADF0049418A;
			remoteInfo = ExploreSelf;
		};
/* End PBXContainerItemProxy section */

/* Begin PBXFileReference section */
		467244462A67EADF0049418A /* ExploreYourself.app */ = {isa = PBXFileReference; explicitFileType = wrapper.application; includeInIndex = 0; path = ExploreYourself.app; sourceTree = BUILT_PRODUCTS_DIR; };
		467244492A67EADF0049418A /* ExploreSelfApp.swift */ = {isa = PBXFileReference; lastKnownFileType = sourcecode.swift; path = ExploreSelfApp.swift; sourceTree = "<group>"; };
		4672444B2A67EADF0049418A /* ContentView.swift */ = {isa = PBXFileReference; lastKnownFileType = sourcecode.swift; path = ContentView.swift; sourceTree = "<group>"; };
		4672444D2A67EAE10049418A /* Assets.xcassets */ = {isa = PBXFileReference; lastKnownFileType = folder.assetcatalog; path = Assets.xcassets; sourceTree = "<group>"; };
		467244502A67EAE10049418A /* Preview Assets.xcassets */ = {isa = PBXFileReference; lastKnownFileType = folder.assetcatalog; path = "Preview Assets.xcassets"; sourceTree = "<group>"; };
		467244522A67EAE10049418A /* Persistence.swift */ = {isa = PBXFileReference; lastKnownFileType = sourcecode.swift; path = Persistence.swift; sourceTree = "<group>"; };
		467244552A67EAE10049418A /* ExploreSelf.xcdatamodel */ = {isa = PBXFileReference; lastKnownFileType = wrapper.xcdatamodel; path = ExploreSelf.xcdatamodel; sourceTree = "<group>"; };
		4672445B2A67EAE10049418A /* ExploreYourselfTests.xctest */ = {isa = PBXFileReference; explicitFileType = wrapper.cfbundle; includeInIndex = 0; path = ExploreYourselfTests.xctest; sourceTree = BUILT_PRODUCTS_DIR; };
		4672445F2A67EAE10049418A /* ExploreSelfTests.swift */ = {isa = PBXFileReference; lastKnownFileType = sourcecode.swift; path = ExploreSelfTests.swift; sourceTree = "<group>"; };
		467244652A67EAE10049418A /* ExploreYourselfUITests.xctest */ = {isa = PBXFileReference; explicitFileType = wrapper.cfbundle; includeInIndex = 0; path = ExploreYourselfUITests.xctest; sourceTree = BUILT_PRODUCTS_DIR; };
		467244692A67EAE10049418A /* ExploreSelfUITests.swift */ = {isa = PBXFileReference; lastKnownFileType = sourcecode.swift; path = ExploreSelfUITests.swift; sourceTree = "<group>"; };
		4672446B2A67EAE10049418A /* ExploreSelfUITestsLaunchTests.swift */ = {isa = PBXFileReference; lastKnownFileType = sourcecode.swift; path = ExploreSelfUITestsLaunchTests.swift; sourceTree = "<group>"; };
/* End PBXFileReference section */

/* Begin PBXFrameworksBuildPhase section */
		467244432A67EADF0049418A /* Frameworks */ = {
			isa = PBXFrameworksBuildPhase;
			buildActionMask = 2147483647;
			files = (
			);
			runOnlyForDeploymentPostprocessing = 0;
		};
		467244582A67EAE10049418A /* Frameworks */ = {
			isa = PBXFrameworksBuildPhase;
			buildActionMask = 2147483647;
			files = (
			);
			runOnlyForDeploymentPostprocessing = 0;
		};
		467244622A67EAE10049418A /* Frameworks */ = {
			isa = PBXFrameworksBuildPhase;
			buildActionMask = 2147483647;
			files = (
			);
			runOnlyForDeploymentPostprocessing = 0;
		};
/* End PBXFrameworksBuildPhase section */

/* Begin PBXGroup section */
		4672443D2A67EADF0049418A = {
			isa = PBXGroup;
			children = (
				467244482A67EADF0049418A /* ExploreSelf */,
				4672445E2A67EAE10049418A /* ExploreSelfTests */,
				467244682A67EAE10049418A /* ExploreSelfUITests */,
				467244472A67EADF0049418A /* Products */,
			);
			sourceTree = "<group>";
		};
		467244472A67EADF0049418A /* Products */ = {
			isa = PBXGroup;
			children = (
				467244462A67EADF0049418A /* ExploreYourself.app */,
				4672445B2A67EAE10049418A /* ExploreYourselfTests.xctest */,
				467244652A67EAE10049418A /* ExploreYourselfUITests.xctest */,
			);
			name = Products;
			sourceTree = "<group>";
		};
		467244482A67EADF0049418A /* ExploreSelf */ = {
			isa = PBXGroup;
			children = (
				467244492A67EADF0049418A /* ExploreSelfApp.swift */,
				4672444B2A67EADF0049418A /* ContentView.swift */,
				4672444D2A67EAE10049418A /* Assets.xcassets */,
				467244522A67EAE10049418A /* Persistence.swift */,
				467244542A67EAE10049418A /* ExploreSelf.xcdatamodeld */,
				4672444F2A67EAE10049418A /* Preview Content */,
			);
			path = ExploreSelf;
			sourceTree = "<group>";
		};
		4672444F2A67EAE10049418A /* Preview Content */ = {
			isa = PBXGroup;
			children = (
				467244502A67EAE10049418A /* Preview Assets.xcassets */,
			);
			path = "Preview Content";
			sourceTree = "<group>";
		};
		4672445E2A67EAE10049418A /* ExploreSelfTests */ = {
			isa = PBXGroup;
			children = (
				4672445F2A67EAE10049418A /* ExploreSelfTests.swift */,
			);
			path = ExploreSelfTests;
			sourceTree = "<group>";
		};
		467244682A67EAE10049418A /* ExploreSelfUITests */ = {
			isa = PBXGroup;
			children = (
				467244692A67EAE10049418A /* ExploreSelfUITests.swift */,
				4672446B2A67EAE10049418A /* ExploreSelfUITestsLaunchTests.swift */,
			);
			path = ExploreSelfUITests;
			sourceTree = "<group>";
		};
/* End PBXGroup section */

/* Begin PBXNativeTarget section */
		467244452A67EADF0049418A /* ExploreYourself */ = {
			isa = PBXNativeTarget;
			buildConfigurationList = 4672446F2A67EAE10049418A /* Build configuration list for PBXNativeTarget "ExploreYourself" */;
			buildPhases = (
				467244422A67EADF0049418A /* Sources */,
				467244432A67EADF0049418A /* Frameworks */,
				467244442A67EADF0049418A /* Resources */,
			);
			buildRules = (
			);
			dependencies = (
			);
			name = ExploreYourself;
			productName = ExploreSelf;
			productReference = 467244462A67EADF0049418A /* ExploreYourself.app */;
			productType = "com.apple.product-type.application";
		};
		4672445A2A67EAE10049418A /* ExploreYourselfTests */ = {
			isa = PBXNativeTarget;
			buildConfigurationList = 467244722A67EAE10049418A /* Build configuration list for PBXNativeTarget "ExploreYourselfTests" */;
			buildPhases = (
				467244572A67EAE10049418A /* Sources */,
				467244582A67EAE10049418A /* Frameworks */,
				467244592A67EAE10049418A /* Resources */,
			);
			buildRules = (
			);
			dependencies = (
				4672445D2A67EAE10049418A /* PBXTargetDependency */,
			);
			name = ExploreYourselfTests;
			productName = ExploreSelfTests;
			productReference = 4672445B2A67EAE10049418A /* ExploreYourselfTests.xctest */;
			productType = "com.apple.product-type.bundle.unit-test";
		};
		467244642A67EAE10049418A /* ExploreYourselfUITests */ = {
			isa = PBXNativeTarget;
			buildConfigurationList = 467244752A67EAE10049418A /* Build configuration list for PBXNativeTarget "ExploreYourselfUITests" */;
			buildPhases = (
				467244612A67EAE10049418A /* Sources */,
				467244622A67EAE10049418A /* Frameworks */,
				467244632A67EAE10049418A /* Resources */,
			);
			buildRules = (
			);
			dependencies = (
				467244672A67EAE10049418A /* PBXTargetDependency */,
			);
			name = ExploreYourselfUITests;
			productName = ExploreSelfUITests;
			productReference = 467244652A67EAE10049418A /* ExploreYourselfUITests.xctest */;
			productType = "com.apple.product-type.bundle.ui-testing";
		};
/* End PBXNativeTarget section */

/* Begin PBXProject section */
		4672443E2A67EADF0049418A /* Project object */ = {
			isa = PBXProject;
			attributes = {
				BuildIndependentTargetsInParallel = 1;
				LastSwiftUpdateCheck = 1430;
				LastUpgradeCheck = 1430;
				TargetAttributes = {
					467244452A67EADF0049418A = {
						CreatedOnToolsVersion = 14.3.1;
					};
					4672445A2A67EAE10049418A = {
						CreatedOnToolsVersion = 14.3.1;
						TestTargetID = 467244452A67EADF0049418A;
					};
					467244642A67EAE10049418A = {
						CreatedOnToolsVersion = 14.3.1;
						TestTargetID = 467244452A67EADF0049418A;
					};
				};
			};
			buildConfigurationList = 467244412A67EADF0049418A /* Build configuration list for PBXProject "ExploreYourself" */;
			compatibilityVersion = "Xcode 14.0";
			developmentRegion = en;
			hasScannedForEncodings = 0;
			knownRegions = (
				en,
				Base,
			);
			mainGroup = 4672443D2A67EADF0049418A;
			productRefGroup = 467244472A67EADF0049418A /* Products */;
			projectDirPath = "";
			projectRoot = "";
			targets = (
				467244452A67EADF0049418A /* ExploreYourself */,
				4672445A2A67EAE10049418A /* ExploreYourselfTests */,
				467244642A67EAE10049418A /* ExploreYourselfUITests */,
			);
		};
/* End PBXProject section */

/* Begin PBXResourcesBuildPhase section */
		467244442A67EADF0049418A /* Resources */ = {
			isa = PBXResourcesBuildPhase;
			buildActionMask = 2147483647;
			files = (
				467244512A67EAE10049418A /* Preview Assets.xcassets in Resources */,
				4672444E2A67EAE10049418A /* Assets.xcassets in Resources */,
			);
			runOnlyForDeploymentPostprocessing = 0;
		};
		467244592A67EAE10049418A /* Resources */ = {
			isa = PBXResourcesBuildPhase;
			buildActionMask = 2147483647;
			files = (
			);
			runOnlyForDeploymentPostprocessing = 0;
		};
		467244632A67EAE10049418A /* Resources */ = {
			isa = PBXResourcesBuildPhase;
			buildActionMask = 2147483647;
			files = (
			);
			runOnlyForDeploymentPostprocessing = 0;
		};
/* End PBXResourcesBuildPhase section */

/* Begin PBXSourcesBuildPhase section */
		467244422A67EADF0049418A /* Sources */ = {
			isa = PBXSourcesBuildPhase;
			buildActionMask = 2147483647;
			files = (
				467244532A67EAE10049418A /* Persistence.swift in Sources */,
				467244562A67EAE10049418A /* ExploreSelf.xcdatamodeld in Sources */,
				4672444C2A67EADF0049418A /* ContentView.swift in Sources */,
				4672444A2A67EADF0049418A /* ExploreSelfApp.swift in Sources */,
			);
			runOnlyForDeploymentPostprocessing = 0;
		};
		467244572A67EAE10049418A /* Sources */ = {
			isa = PBXSourcesBuildPhase;
			buildActionMask = 2147483647;
			files = (
				467244602A67EAE10049418A /* ExploreSelfTests.swift in Sources */,
			);
			runOnlyForDeploymentPostprocessing = 0;
		};
		467244612A67EAE10049418A /* Sources */ = {
			isa = PBXSourcesBuildPhase;
			buildActionMask = 2147483647;
			files = (
				4672446C2A67EAE10049418A /* ExploreSelfUITestsLaunchTests.swift in Sources */,
				4672446A2A67EAE10049418A /* ExploreSelfUITests.swift in Sources */,
			);
			runOnlyForDeploymentPostprocessing = 0;
		};
/* End PBXSourcesBuildPhase section */

/* Begin PBXTargetDependency section */
		4672445D2A67EAE10049418A /* PBXTargetDependency */ = {
			isa = PBXTargetDependency;
			target = 467244452A67EADF0049418A /* ExploreYourself */;
			targetProxy = 4672445C2A67EAE10049418A /* PBXContainerItemProxy */;
		};
		467244672A67EAE10049418A /* PBXTargetDependency */ = {
			isa = PBXTargetDependency;
			target = 467244452A67EADF0049418A /* ExploreYourself */;
			targetProxy = 467244662A67EAE10049418A /* PBXContainerItemProxy */;
		};
/* End PBXTargetDependency section */

/* Begin XCBuildConfiguration section */
		4672446D2A67EAE10049418A /* Debug */ = {
			isa = XCBuildConfiguration;
			buildSettings = {
				ALWAYS_SEARCH_USER_PATHS = NO;
				CLANG_ANALYZER_NONNULL = YES;
				CLANG_ANALYZER_NUMBER_OBJECT_CONVERSION = YES_AGGRESSIVE;
				CLANG_CXX_LANGUAGE_STANDARD = "gnu++20";
				CLANG_ENABLE_MODULES = YES;
				CLANG_ENABLE_OBJC_ARC = YES;
				CLANG_ENABLE_OBJC_WEAK = YES;
				CLANG_WARN_BLOCK_CAPTURE_AUTORELEASING = YES;
				CLANG_WARN_BOOL_CONVERSION = YES;
				CLANG_WARN_COMMA = YES;
				CLANG_WARN_CONSTANT_CONVERSION = YES;
				CLANG_WARN_DEPRECATED_OBJC_IMPLEMENTATIONS = YES;
				CLANG_WARN_DIRECT_OBJC_ISA_USAGE = YES_ERROR;
				CLANG_WARN_DOCUMENTATION_COMMENTS = YES;
				CLANG_WARN_EMPTY_BODY = YES;
				CLANG_WARN_ENUM_CONVERSION = YES;
				CLANG_WARN_INFINITE_RECURSION = YES;
				CLANG_WARN_INT_CONVERSION = YES;
				CLANG_WARN_NON_LITERAL_NULL_CONVERSION = YES;
				CLANG_WARN_OBJC_IMPLICIT_RETAIN_SELF = YES;
				CLANG_WARN_OBJC_LITERAL_CONVERSION = YES;
				CLANG_WARN_OBJC_ROOT_CLASS = YES_ERROR;
				CLANG_WARN_QUOTED_INCLUDE_IN_FRAMEWORK_HEADER = YES;
				CLANG_WARN_RANGE_LOOP_ANALYSIS = YES;
				CLANG_WARN_STRICT_PROTOTYPES = YES;
				CLANG_WARN_SUSPICIOUS_MOVE = YES;
				CLANG_WARN_UNGUARDED_AVAILABILITY = YES_AGGRESSIVE;
				CLANG_WARN_UNREACHABLE_CODE = YES;
				CLANG_WARN__DUPLICATE_METHOD_MATCH = YES;
				COPY_PHASE_STRIP = NO;
				DEBUG_INFORMATION_FORMAT = dwarf;
				ENABLE_STRICT_OBJC_MSGSEND = YES;
				ENABLE_TESTABILITY = YES;
				GCC_C_LANGUAGE_STANDARD = gnu11;
				GCC_DYNAMIC_NO_PIC = NO;
				GCC_NO_COMMON_BLOCKS = YES;
				GCC_OPTIMIZATION_LEVEL = 0;
				GCC_PREPROCESSOR_DEFINITIONS = (
					"DEBUG=1",
					"$(inherited)",
				);
				GCC_WARN_64_TO_32_BIT_CONVERSION = YES;
				GCC_WARN_ABOUT_RETURN_TYPE = YES_ERROR;
				GCC_WARN_UNDECLARED_SELECTOR = YES;
				GCC_WARN_UNINITIALIZED_AUTOS = YES_AGGRESSIVE;
				GCC_WARN_UNUSED_FUNCTION = YES;
				GCC_WARN_UNUSED_VARIABLE = YES;
				IPHONEOS_DEPLOYMENT_TARGET = 16.4;
				MTL_ENABLE_DEBUG_INFO = INCLUDE_SOURCE;
				MTL_FAST_MATH = YES;
				ONLY_ACTIVE_ARCH = YES;
				SDKROOT = iphoneos;
				SWIFT_ACTIVE_COMPILATION_CONDITIONS = DEBUG;
				SWIFT_OPTIMIZATION_LEVEL = "-Onone";
			};
			name = Debug;
		};
		4672446E2A67EAE10049418A /* Release */ = {
			isa = XCBuildConfiguration;
			buildSettings = {
				ALWAYS_SEARCH_USER_PATHS = NO;
				CLANG_ANALYZER_NONNULL = YES;
				CLANG_ANALYZER_NUMBER_OBJECT_CONVERSION = YES_AGGRESSIVE;
				CLANG_CXX_LANGUAGE_STANDARD = "gnu++20";
				CLANG_ENABLE_MODULES = YES;
				CLANG_ENABLE_OBJC_ARC = YES;
				CLANG_ENABLE_OBJC_WEAK = YES;
				CLANG_WARN_BLOCK_CAPTURE_AUTORELEASING = YES;
				CLANG_WARN_BOOL_CONVERSION = YES;
				CLANG_WARN_COMMA = YES;
				CLANG_WARN_CONSTANT_CONVERSION = YES;
				CLANG_WARN_DEPRECATED_OBJC_IMPLEMENTATIONS = YES;
				CLANG_WARN_DIRECT_OBJC_ISA_USAGE = YES_ERROR;
				CLANG_WARN_DOCUMENTATION_COMMENTS = YES;
				CLANG_WARN_EMPTY_BODY = YES;
				CLANG_WARN_ENUM_CONVERSION = YES;
				CLANG_WARN_INFINITE_RECURSION = YES;
				CLANG_WARN_INT_CONVERSION = YES;
				CLANG_WARN_NON_LITERAL_NULL_CONVERSION = YES;
				CLANG_WARN_OBJC_IMPLICIT_RETAIN_SELF = YES;
				CLANG_WARN_OBJC_LITERAL_CONVERSION = YES;
				CLANG_WARN_OBJC_ROOT_CLASS = YES_ERROR;
				CLANG_WARN_QUOTED_INCLUDE_IN_FRAMEWORK_HEADER = YES;
				CLANG_WARN_RANGE_LOOP_ANALYSIS = YES;
				CLANG_WARN_STRICT_PROTOTYPES = YES;
				CLANG_WARN_SUSPICIOUS_MOVE = YES;
				CLANG_WARN_UNGUARDED_AVAILABILITY = YES_AGGRESSIVE;
				CLANG_WARN_UNREACHABLE_CODE = YES;
				CLANG_WARN__DUPLICATE_METHOD_MATCH = YES;
				COPY_PHASE_STRIP = NO;
				DEBUG_INFORMATION_FORMAT = "dwarf-with-dsym";
				ENABLE_NS_ASSERTIONS = NO;
				ENABLE_STRICT_OBJC_MSGSEND = YES;
				GCC_C_LANGUAGE_STANDARD = gnu11;
				GCC_NO_COMMON_BLOCKS = YES;
				GCC_WARN_64_TO_32_BIT_CONVERSION = YES;
				GCC_WARN_ABOUT_RETURN_TYPE = YES_ERROR;
				GCC_WARN_UNDECLARED_SELECTOR = YES;
				GCC_WARN_UNINITIALIZED_AUTOS = YES_AGGRESSIVE;
				GCC_WARN_UNUSED_FUNCTION = YES;
				GCC_WARN_UNUSED_VARIABLE = YES;
				IPHONEOS_DEPLOYMENT_TARGET = 16.4;
				MTL_ENABLE_DEBUG_INFO = NO;
				MTL_FAST_MATH = YES;
				SDKROOT = iphoneos;
				SWIFT_COMPILATION_MODE = wholemodule;
				SWIFT_OPTIMIZATION_LEVEL = "-O";
				VALIDATE_PRODUCT = YES;
			};
			name = Release;
		};
		467244702A67EAE10049418A /* Debug */ = {
			isa = XCBuildConfiguration;
			buildSettings = {
				ASSETCATALOG_COMPILER_APPICON_NAME = AppIcon;
				ASSETCATALOG_COMPILER_GLOBAL_ACCENT_COLOR_NAME = AccentColor;
				CODE_SIGN_STYLE = Automatic;
				CURRENT_PROJECT_VERSION = 1;
				DEVELOPMENT_ASSET_PATHS = "\"ExploreSelf/Preview Content\"";
				DEVELOPMENT_TEAM = S7G6YS4RHP;
				ENABLE_PREVIEWS = YES;
				GENERATE_INFOPLIST_FILE = YES;
				INFOPLIST_KEY_UIApplicationSceneManifest_Generation = YES;
				INFOPLIST_KEY_UIApplicationSupportsIndirectInputEvents = YES;
				INFOPLIST_KEY_UILaunchScreen_Generation = YES;
				INFOPLIST_KEY_UISupportedInterfaceOrientations_iPad = "UIInterfaceOrientationPortrait UIInterfaceOrientationPortraitUpsideDown UIInterfaceOrientationLandscapeLeft UIInterfaceOrientationLandscapeRight";
				INFOPLIST_KEY_UISupportedInterfaceOrientations_iPhone = "UIInterfaceOrientationPortrait UIInterfaceOrientationLandscapeLeft UIInterfaceOrientationLandscapeRight";
				LD_RUNPATH_SEARCH_PATHS = (
					"$(inherited)",
					"@executable_path/Frameworks",
				);
				MARKETING_VERSION = 1.0;
				PRODUCT_BUNDLE_IDENTIFIER = com.ExploreSelf.ExploreSelf;
				PRODUCT_NAME = "$(TARGET_NAME)";
				SWIFT_EMIT_LOC_STRINGS = YES;
				SWIFT_VERSION = 5.0;
				TARGETED_DEVICE_FAMILY = "1,2";
			};
			name = Debug;
		};
		467244712A67EAE10049418A /* Release */ = {
			isa = XCBuildConfiguration;
			buildSettings = {
				ASSETCATALOG_COMPILER_APPICON_NAME = AppIcon;
				ASSETCATALOG_COMPILER_GLOBAL_ACCENT_COLOR_NAME = AccentColor;
				CODE_SIGN_STYLE = Automatic;
				CURRENT_PROJECT_VERSION = 1;
				DEVELOPMENT_ASSET_PATHS = "\"ExploreSelf/Preview Content\"";
				DEVELOPMENT_TEAM = S7G6YS4RHP;
				ENABLE_PREVIEWS = YES;
				GENERATE_INFOPLIST_FILE = YES;
				INFOPLIST_KEY_UIApplicationSceneManifest_Generation = YES;
				INFOPLIST_KEY_UIApplicationSupportsIndirectInputEvents = YES;
				INFOPLIST_KEY_UILaunchScreen_Generation = YES;
				INFOPLIST_KEY_UISupportedInterfaceOrientations_iPad = "UIInterfaceOrientationPortrait UIInterfaceOrientationPortraitUpsideDown UIInterfaceOrientationLandscapeLeft UIInterfaceOrientationLandscapeRight";
				INFOPLIST_KEY_UISupportedInterfaceOrientations_iPhone = "UIInterfaceOrientationPortrait UIInterfaceOrientationLandscapeLeft UIInterfaceOrientationLandscapeRight";
				LD_RUNPATH_SEARCH_PATHS = (
					"$(inherited)",
					"@executable_path/Frameworks",
				);
				MARKETING_VERSION = 1.0;
				PRODUCT_BUNDLE_IDENTIFIER = com.ExploreSelf.ExploreSelf;
				PRODUCT_NAME = "$(TARGET_NAME)";
				SWIFT_EMIT_LOC_STRINGS = YES;
				SWIFT_VERSION = 5.0;
				TARGETED_DEVICE_FAMILY = "1,2";
			};
			name = Release;
		};
		467244732A67EAE10049418A /* Debug */ = {
			isa = XCBuildConfiguration;
			buildSettings = {
				ALWAYS_EMBED_SWIFT_STANDARD_LIBRARIES = YES;
				BUNDLE_LOADER = "$(TEST_HOST)";
				CODE_SIGN_STYLE = Automatic;
				CURRENT_PROJECT_VERSION = 1;
				DEVELOPMENT_TEAM = S7G6YS4RHP;
				GENERATE_INFOPLIST_FILE = YES;
				IPHONEOS_DEPLOYMENT_TARGET = 16.4;
				MARKETING_VERSION = 1.0;
				PRODUCT_BUNDLE_IDENTIFIER = com.ExploreSelf.ExploreSelfTests;
				PRODUCT_NAME = "$(TARGET_NAME)";
				SWIFT_EMIT_LOC_STRINGS = NO;
				SWIFT_VERSION = 5.0;
				TARGETED_DEVICE_FAMILY = "1,2";
				TEST_HOST = "$(BUILT_PRODUCTS_DIR)/ExploreYourself.app/$(BUNDLE_EXECUTABLE_FOLDER_PATH)/ExploreYourself";
			};
			name = Debug;
		};
		467244742A67EAE10049418A /* Release */ = {
			isa = XCBuildConfiguration;
			buildSettings = {
				ALWAYS_EMBED_SWIFT_STANDARD_LIBRARIES = YES;
				BUNDLE_LOADER = "$(TEST_HOST)";
				CODE_SIGN_STYLE = Automatic;
				CURRENT_PROJECT_VERSION = 1;
				DEVELOPMENT_TEAM = S7G6YS4RHP;
				GENERATE_INFOPLIST_FILE = YES;
				IPHONEOS_DEPLOYMENT_TARGET = 16.4;
				MARKETING_VERSION = 1.0;
				PRODUCT_BUNDLE_IDENTIFIER = com.ExploreSelf.ExploreSelfTests;
				PRODUCT_NAME = "$(TARGET_NAME)";
				SWIFT_EMIT_LOC_STRINGS = NO;
				SWIFT_VERSION = 5.0;
				TARGETED_DEVICE_FAMILY = "1,2";
				TEST_HOST = "$(BUILT_PRODUCTS_DIR)/ExploreYourself.app/$(BUNDLE_EXECUTABLE_FOLDER_PATH)/ExploreYourself";
			};
			name = Release;
		};
		467244762A67EAE10049418A /* Debug */ = {
			isa = XCBuildConfiguration;
			buildSettings = {
				ALWAYS_EMBED_SWIFT_STANDARD_LIBRARIES = YES;
				CODE_SIGN_STYLE = Automatic;
				CURRENT_PROJECT_VERSION = 1;
				DEVELOPMENT_TEAM = S7G6YS4RHP;
				GENERATE_INFOPLIST_FILE = YES;
				MARKETING_VERSION = 1.0;
				PRODUCT_BUNDLE_IDENTIFIER = com.ExploreSelf.ExploreSelfUITests;
				PRODUCT_NAME = "$(TARGET_NAME)";
				SWIFT_EMIT_LOC_STRINGS = NO;
				SWIFT_VERSION = 5.0;
				TARGETED_DEVICE_FAMILY = "1,2";
				TEST_TARGET_NAME = ExploreSelf;
			};
			name = Debug;
		};
		467244772A67EAE10049418A /* Release */ = {
			isa = XCBuildConfiguration;
			buildSettings = {
				ALWAYS_EMBED_SWIFT_STANDARD_LIBRARIES = YES;
				CODE_SIGN_STYLE = Automatic;
				CURRENT_PROJECT_VERSION = 1;
				DEVELOPMENT_TEAM = S7G6YS4RHP;
				GENERATE_INFOPLIST_FILE = YES;
				MARKETING_VERSION = 1.0;
				PRODUCT_BUNDLE_IDENTIFIER = com.ExploreSelf.ExploreSelfUITests;
				PRODUCT_NAME = "$(TARGET_NAME)";
				SWIFT_EMIT_LOC_STRINGS = NO;
				SWIFT_VERSION = 5.0;
				TARGETED_DEVICE_FAMILY = "1,2";
				TEST_TARGET_NAME = ExploreSelf;
			};
			name = Release;
		};
/* End XCBuildConfiguration section */

/* Begin XCConfigurationList section */
		467244412A67EADF0049418A /* Build configuration list for PBXProject "ExploreYourself" */ = {
			isa = XCConfigurationList;
			buildConfigurations = (
				4672446D2A67EAE10049418A /* Debug */,
				4672446E2A67EAE10049418A /* Release */,
			);
			defaultConfigurationIsVisible = 0;
			defaultConfigurationName = Release;
		};
		4672446F2A67EAE10049418A /* Build configuration list for PBXNativeTarget "ExploreYourself" */ = {
			isa = XCConfigurationList;
			buildConfigurations = (
				467244702A67EAE10049418A /* Debug */,
				467244712A67EAE10049418A /* Release */,
			);
			defaultConfigurationIsVisible = 0;
			defaultConfigurationName = Release;
		};
		467244722A67EAE10049418A /* Build configuration list for PBXNativeTarget "ExploreYourselfTests" */ = {
			isa = XCConfigurationList;
			buildConfigurations = (
				467244732A67EAE10049418A /* Debug */,
				467244742A67EAE10049418A /* Release */,
			);
			defaultConfigurationIsVisible = 0;
			defaultConfigurationName = Release;
		};
		467244752A67EAE10049418A /* Build configuration list for PBXNativeTarget "ExploreYourselfUITests" */ = {
			isa = XCConfigurationList;
			buildConfigurations = (
				467244762A67EAE10049418A /* Debug */,
				467244772A67EAE10049418A /* Release */,
			);
			defaultConfigurationIsVisible = 0;
			defaultConfigurationName = Release;
		};
/* End XCConfigurationList section */

/* Begin XCVersionGroup section */
		467244542A67EAE10049418A /* ExploreSelf.xcdatamodeld */ = {
			isa = XCVersionGroup;
			children = (
				467244552A67EAE10049418A /* ExploreSelf.xcdatamodel */,
			);
			currentVersion = 467244552A67EAE10049418A /* ExploreSelf.xcdatamodel */;
			path = ExploreSelf.xcdatamodeld;
			sourceTree = "<group>";
			versionGroupType = wrapper.xcdatamodel;
		};
/* End XCVersionGroup section */
	};
	rootObject = 4672443E2A67EADF0049418A /* Project object */;
}
